
Microsoft Visual Studio Solution File, Format Version 12.00
# Visual Studio Version 17
VisualStudioVersion = 17.11.35222.181
MinimumVisualStudioVersion = 10.0.40219.1
Project("{9A19103F-16F7-4668-BE54-9A1E7A4F7556}") = "CustomsExternal", "CustomsExternal\CustomsExternal.csproj", "{803C4AED-E8C6-46B0-9888-41B1A0601006}"
EndProject
Global
	GlobalSection(SolutionConfigurationPlatforms) = preSolution
		Debug|Any CPU = Debug|Any CPU
		Release|Any CPU = Release|Any CPU
	EndGlobalSection
	GlobalSection(ProjectConfigurationPlatforms) = postSolution
		{803C4AED-E8C6-46B0-9888-41B1A0601006}.Debug|Any CPU.ActiveCfg = Debug|Any CPU
		{803C4AED-E8C6-46B0-9888-41B1A0601006}.Debug|Any CPU.Build.0 = Debug|Any CPU
		{803C4AED-E8C6-46B0-9888-41B1A0601006}.Release|Any CPU.ActiveCfg = Release|Any CPU
		{803C4AED-E8C6-46B0-9888-41B1A0601006}.Release|Any CPU.Build.0 = Release|Any CPU
	EndGlobalSection
	GlobalSection(SolutionProperties) = preSolution
		HideSolutionNode = FALSE
	EndGlobalSection
	GlobalSection(ExtensibilityGlobals) = postSolution
		SolutionGuid = {DC8BCD2D-3410-4BD1-B450-E540D9C87E33}
	EndGlobalSection
EndGlobal
